
Microsoft Visual Studio Solution File, Format Version 12.00
Project("{FAE04EC0-301F-11D3-BF4B-00C04F79EFBC}") = "Kaede-Bot", "Kaede-Bot\Kaede-Bot.csproj", "{B91DD12C-E980-48E2-8E10-7BA6CADB1DAE}"
EndProject
Global
	GlobalSection(SolutionConfigurationPlatforms) = preSolution
		Debug|Any CPU = Debug|Any CPU
		Release|Any CPU = Release|Any CPU
	EndGlobalSection
	GlobalSection(ProjectConfigurationPlatforms) = postSolution
		{B91DD12C-E980-48E2-8E10-7BA6CADB1DAE}.Debug|Any CPU.ActiveCfg = Debug|Any CPU
		{B91DD12C-E980-48E2-8E10-7BA6CADB1DAE}.Debug|Any CPU.Build.0 = Debug|Any CPU
		{B91DD12C-E980-48E2-8E10-7BA6CADB1DAE}.Release|Any CPU.ActiveCfg = Release|Any CPU
		{B91DD12C-E980-48E2-8E10-7BA6CADB1DAE}.Release|Any CPU.Build.0 = Release|Any CPU
	EndGlobalSection
EndGlobal
